
Microsoft Visual Studio Solution File, Format Version 12.00
# Visual Studio Version 17
VisualStudioVersion = 17.10.35027.167
MinimumVisualStudioVersion = 10.0.40219.1
Project("{FAE04EC0-301F-11D3-BF4B-00C04F79EFBC}") = "gitTest", "gitTest.csproj", "{8169FDA0-D76A-4D0C-B062-2BE5F540A9C0}"
EndProject
Global
	GlobalSection(SolutionConfigurationPlatforms) = preSolution
		Debug|Any CPU = Debug|Any CPU
		Release|Any CPU = Release|Any CPU
	EndGlobalSection
	GlobalSection(ProjectConfigurationPlatforms) = postSolution
		{8169FDA0-D76A-4D0C-B062-2BE5F540A9C0}.Debug|Any CPU.ActiveCfg = Debug|Any CPU
		{8169FDA0-D76A-4D0C-B062-2BE5F540A9C0}.Debug|Any CPU.Build.0 = Debug|Any CPU
		{8169FDA0-D76A-4D0C-B062-2BE5F540A9C0}.Release|Any CPU.ActiveCfg = Release|Any CPU
		{8169FDA0-D76A-4D0C-B062-2BE5F540A9C0}.Release|Any CPU.Build.0 = Release|Any CPU
	EndGlobalSection
	GlobalSection(SolutionProperties) = preSolution
		HideSolutionNode = FALSE
	EndGlobalSection
	GlobalSection(ExtensibilityGlobals) = postSolution
		SolutionGuid = {4E24D112-1C04-438E-A8CC-18D6CD3A2BA1}
	EndGlobalSection
EndGlobal
